// !$*UTF8*$!
{
	archiveVersion = 1;
	classes = {
	};
	objectVersion = 55;
	objects = {

/* Begin PBXBuildFile section */
		A54D7F70282548710050DF30 /* AppDelegate.swift in Sources */ = {isa = PBXBuildFile; fileRef = A54D7F6F282548710050DF30 /* AppDelegate.swift */; };
		A54D7F72282548710050DF30 /* GameScene.sks in Resources */ = {isa = PBXBuildFile; fileRef = A54D7F71282548710050DF30 /* GameScene.sks */; };
		A54D7F74282548710050DF30 /* Actions.sks in Resources */ = {isa = PBXBuildFile; fileRef = A54D7F73282548710050DF30 /* Actions.sks */; };
		A54D7F76282548710050DF30 /* GameScene.swift in Sources */ = {isa = PBXBuildFile; fileRef = A54D7F75282548710050DF30 /* GameScene.swift */; };
		A54D7F78282548710050DF30 /* GameViewController.swift in Sources */ = {isa = PBXBuildFile; fileRef = A54D7F77282548710050DF30 /* GameViewController.swift */; };
		A54D7F7D282548730050DF30 /* Assets.xcassets in Resources */ = {isa = PBXBuildFile; fileRef = A54D7F7C282548730050DF30 /* Assets.xcassets */; };
		A54D7F80282548730050DF30 /* LaunchScreen.storyboard in Resources */ = {isa = PBXBuildFile; fileRef = A54D7F7E282548730050DF30 /* LaunchScreen.storyboard */; };
		A54D7F87282562060050DF30 /* Alien.swift in Sources */ = {isa = PBXBuildFile; fileRef = A54D7F86282562060050DF30 /* Alien.swift */; };
		A54D7F8A282562920050DF30 /* GameSprite.swift in Sources */ = {isa = PBXBuildFile; fileRef = A54D7F89282562920050DF30 /* GameSprite.swift */; };
		A54D7F8D282571750050DF30 /* Ground.swift in Sources */ = {isa = PBXBuildFile; fileRef = A54D7F8C282571750050DF30 /* Ground.swift */; };
		A54D7F8F28257A730050DF30 /* Compy.swift in Sources */ = {isa = PBXBuildFile; fileRef = A54D7F8E28257A730050DF30 /* Compy.swift */; };
		A54D7F9128259D330050DF30 /* Battery.swift in Sources */ = {isa = PBXBuildFile; fileRef = A54D7F9028259D330050DF30 /* Battery.swift */; };
		A5C80DDA2827DAEE00393967 /* EncounterA.sks in Resources */ = {isa = PBXBuildFile; fileRef = A5C80DD92827DAEE00393967 /* EncounterA.sks */; };
		A5C80DDE2827DCAA00393967 /* EncounterManager.swift in Sources */ = {isa = PBXBuildFile; fileRef = A5C80DDD2827DCAA00393967 /* EncounterManager.swift */; };
		A5C80DE02827E3E800393967 /* Droid.swift in Sources */ = {isa = PBXBuildFile; fileRef = A5C80DDF2827E3E800393967 /* Droid.swift */; };
		A5C80DE62827E72700393967 /* EncounterB.sks in Resources */ = {isa = PBXBuildFile; fileRef = A5C80DE52827E72700393967 /* EncounterB.sks */; };
		A5C80DE82827F9BB00393967 /* EncounterC.sks in Resources */ = {isa = PBXBuildFile; fileRef = A5C80DE72827F9BB00393967 /* EncounterC.sks */; };
/* End PBXBuildFile section */

/* Begin PBXFileReference section */
		A54D7F6C282548710050DF30 /* Compy.app */ = {isa = PBXFileReference; explicitFileType = wrapper.application; includeInIndex = 0; path = Compy.app; sourceTree = BUILT_PRODUCTS_DIR; };
		A54D7F6F282548710050DF30 /* AppDelegate.swift */ = {isa = PBXFileReference; lastKnownFileType = sourcecode.swift; path = AppDelegate.swift; sourceTree = "<group>"; };
		A54D7F71282548710050DF30 /* GameScene.sks */ = {isa = PBXFileReference; lastKnownFileType = file.sks; path = GameScene.sks; sourceTree = "<group>"; };
		A54D7F73282548710050DF30 /* Actions.sks */ = {isa = PBXFileReference; lastKnownFileType = file.sks; path = Actions.sks; sourceTree = "<group>"; };
		A54D7F75282548710050DF30 /* GameScene.swift */ = {isa = PBXFileReference; lastKnownFileType = sourcecode.swift; path = GameScene.swift; sourceTree = "<group>"; };
		A54D7F77282548710050DF30 /* GameViewController.swift */ = {isa = PBXFileReference; lastKnownFileType = sourcecode.swift; path = GameViewController.swift; sourceTree = "<group>"; };
		A54D7F7C282548730050DF30 /* Assets.xcassets */ = {isa = PBXFileReference; lastKnownFileType = folder.assetcatalog; path = Assets.xcassets; sourceTree = "<group>"; };
		A54D7F7F282548730050DF30 /* Base */ = {isa = PBXFileReference; lastKnownFileType = file.storyboard; name = Base; path = Base.lproj/LaunchScreen.storyboard; sourceTree = "<group>"; };
		A54D7F86282562060050DF30 /* Alien.swift */ = {isa = PBXFileReference; lastKnownFileType = sourcecode.swift; path = Alien.swift; sourceTree = "<group>"; };
		A54D7F89282562920050DF30 /* GameSprite.swift */ = {isa = PBXFileReference; lastKnownFileType = sourcecode.swift; path = GameSprite.swift; sourceTree = "<group>"; };
		A54D7F8C282571750050DF30 /* Ground.swift */ = {isa = PBXFileReference; lastKnownFileType = sourcecode.swift; path = Ground.swift; sourceTree = "<group>"; };
		A54D7F8E28257A730050DF30 /* Compy.swift */ = {isa = PBXFileReference; lastKnownFileType = sourcecode.swift; path = Compy.swift; sourceTree = "<group>"; };
		A54D7F9028259D330050DF30 /* Battery.swift */ = {isa = PBXFileReference; lastKnownFileType = sourcecode.swift; path = Battery.swift; sourceTree = "<group>"; };
		A5C80DD92827DAEE00393967 /* EncounterA.sks */ = {isa = PBXFileReference; lastKnownFileType = file.sks; path = EncounterA.sks; sourceTree = "<group>"; };
		A5C80DDD2827DCAA00393967 /* EncounterManager.swift */ = {isa = PBXFileReference; lastKnownFileType = sourcecode.swift; path = EncounterManager.swift; sourceTree = "<group>"; };
		A5C80DDF2827E3E800393967 /* Droid.swift */ = {isa = PBXFileReference; lastKnownFileType = sourcecode.swift; path = Droid.swift; sourceTree = "<group>"; };
		A5C80DE52827E72700393967 /* EncounterB.sks */ = {isa = PBXFileReference; lastKnownFileType = file.sks; path = EncounterB.sks; sourceTree = "<group>"; };
		A5C80DE72827F9BB00393967 /* EncounterC.sks */ = {isa = PBXFileReference; lastKnownFileType = file.sks; path = EncounterC.sks; sourceTree = "<group>"; };
/* End PBXFileReference section */

/* Begin PBXFrameworksBuildPhase section */
		A54D7F69282548710050DF30 /* Frameworks */ = {
			isa = PBXFrameworksBuildPhase;
			buildActionMask = 2147483647;
			files = (
			);
			runOnlyForDeploymentPostprocessing = 0;
		};
/* End PBXFrameworksBuildPhase section */

/* Begin PBXGroup section */
		A54D7F63282548710050DF30 = {
			isa = PBXGroup;
			children = (
				A54D7F6E282548710050DF30 /* Compy */,
				A54D7F6D282548710050DF30 /* Products */,
			);
			sourceTree = "<group>";
		};
		A54D7F6D282548710050DF30 /* Products */ = {
			isa = PBXGroup;
			children = (
				A54D7F6C282548710050DF30 /* Compy.app */,
			);
			name = Products;
			sourceTree = "<group>";
		};
		A54D7F6E282548710050DF30 /* Compy */ = {
			isa = PBXGroup;
			children = (
				A5C80DD62827D90200393967 /* Encounters */,
				A5C80DD52827D7ED00393967 /* Scenes */,
				A5C80DD42827D6B700393967 /* Controllers */,
				A54D7F8B282563160050DF30 /* Classes */,
				A54D7F882825625B0050DF30 /* Protocols */,
				A54D7F71282548710050DF30 /* GameScene.sks */,
				A54D7F73282548710050DF30 /* Actions.sks */,
				A54D7F7C282548730050DF30 /* Assets.xcassets */,
				A54D7F7E282548730050DF30 /* LaunchScreen.storyboard */,
			);
			path = Compy;
			sourceTree = "<group>";
		};
		A54D7F882825625B0050DF30 /* Protocols */ = {
			isa = PBXGroup;
			children = (
				A54D7F89282562920050DF30 /* GameSprite.swift */,
			);
			path = Protocols;
			sourceTree = "<group>";
		};
		A54D7F8B282563160050DF30 /* Classes */ = {
			isa = PBXGroup;
			children = (
				A54D7F86282562060050DF30 /* Alien.swift */,
				A54D7F8C282571750050DF30 /* Ground.swift */,
				A54D7F8E28257A730050DF30 /* Compy.swift */,
				A54D7F9028259D330050DF30 /* Battery.swift */,
				A5C80DDD2827DCAA00393967 /* EncounterManager.swift */,
				A5C80DDF2827E3E800393967 /* Droid.swift */,
			);
			path = Classes;
			sourceTree = "<group>";
		};
		A5C80DD42827D6B700393967 /* Controllers */ = {
			isa = PBXGroup;
			children = (
				A54D7F6F282548710050DF30 /* AppDelegate.swift */,
				A54D7F77282548710050DF30 /* GameViewController.swift */,
			);
			path = Controllers;
			sourceTree = "<group>";
		};
		A5C80DD52827D7ED00393967 /* Scenes */ = {
			isa = PBXGroup;
			children = (
				A54D7F75282548710050DF30 /* GameScene.swift */,
			);
			path = Scenes;
			sourceTree = "<group>";
		};
		A5C80DD62827D90200393967 /* Encounters */ = {
			isa = PBXGroup;
			children = (
				A5C80DD92827DAEE00393967 /* EncounterA.sks */,
				A5C80DE52827E72700393967 /* EncounterB.sks */,
				A5C80DE72827F9BB00393967 /* EncounterC.sks */,
			);
			path = Encounters;
			sourceTree = "<group>";
		};
/* End PBXGroup section */

/* Begin PBXNativeTarget section */
		A54D7F6B282548710050DF30 /* Compy */ = {
			isa = PBXNativeTarget;
			buildConfigurationList = A54D7F83282548730050DF30 /* Build configuration list for PBXNativeTarget "Compy" */;
			buildPhases = (
				A54D7F68282548710050DF30 /* Sources */,
				A54D7F69282548710050DF30 /* Frameworks */,
				A54D7F6A282548710050DF30 /* Resources */,
			);
			buildRules = (
			);
			dependencies = (
			);
			name = Compy;
			productName = Compy;
			productReference = A54D7F6C282548710050DF30 /* Compy.app */;
			productType = "com.apple.product-type.application";
		};
/* End PBXNativeTarget section */

/* Begin PBXProject section */
		A54D7F64282548710050DF30 /* Project object */ = {
			isa = PBXProject;
			attributes = {
				BuildIndependentTargetsInParallel = 1;
				LastSwiftUpdateCheck = 1330;
				LastUpgradeCheck = 1330;
				TargetAttributes = {
					A54D7F6B282548710050DF30 = {
						CreatedOnToolsVersion = 13.3;
					};
				};
			};
			buildConfigurationList = A54D7F67282548710050DF30 /* Build configuration list for PBXProject "Compy" */;
			compatibilityVersion = "Xcode 13.0";
			developmentRegion = en;
			hasScannedForEncodings = 0;
			knownRegions = (
				en,
				Base,
			);
			mainGroup = A54D7F63282548710050DF30;
			productRefGroup = A54D7F6D282548710050DF30 /* Products */;
			projectDirPath = "";
			projectRoot = "";
			targets = (
				A54D7F6B282548710050DF30 /* Compy */,
			);
		};
/* End PBXProject section */

/* Begin PBXResourcesBuildPhase section */
		A54D7F6A282548710050DF30 /* Resources */ = {
			isa = PBXResourcesBuildPhase;
			buildActionMask = 2147483647;
			files = (
				A54D7F72282548710050DF30 /* GameScene.sks in Resources */,
				A5C80DDA2827DAEE00393967 /* EncounterA.sks in Resources */,
				A5C80DE62827E72700393967 /* EncounterB.sks in Resources */,
				A5C80DE82827F9BB00393967 /* EncounterC.sks in Resources */,
				A54D7F7D282548730050DF30 /* Assets.xcassets in Resources */,
				A54D7F80282548730050DF30 /* LaunchScreen.storyboard in Resources */,
				A54D7F74282548710050DF30 /* Actions.sks in Resources */,
			);
			runOnlyForDeploymentPostprocessing = 0;
		};
/* End PBXResourcesBuildPhase section */

/* Begin PBXSourcesBuildPhase section */
		A54D7F68282548710050DF30 /* Sources */ = {
			isa = PBXSourcesBuildPhase;
			buildActionMask = 2147483647;
			files = (
				A5C80DDE2827DCAA00393967 /* EncounterManager.swift in Sources */,
				A54D7F8D282571750050DF30 /* Ground.swift in Sources */,
				A54D7F76282548710050DF30 /* GameScene.swift in Sources */,
				A54D7F78282548710050DF30 /* GameViewController.swift in Sources */,
				A54D7F9128259D330050DF30 /* Battery.swift in Sources */,
				A54D7F8F28257A730050DF30 /* Compy.swift in Sources */,
				A5C80DE02827E3E800393967 /* Droid.swift in Sources */,
				A54D7F70282548710050DF30 /* AppDelegate.swift in Sources */,
				A54D7F8A282562920050DF30 /* GameSprite.swift in Sources */,
				A54D7F87282562060050DF30 /* Alien.swift in Sources */,
			);
			runOnlyForDeploymentPostprocessing = 0;
		};
/* End PBXSourcesBuildPhase section */

/* Begin PBXVariantGroup section */
		A54D7F7E282548730050DF30 /* LaunchScreen.storyboard */ = {
			isa = PBXVariantGroup;
			children = (
				A54D7F7F282548730050DF30 /* Base */,
			);
			name = LaunchScreen.storyboard;
			sourceTree = "<group>";
		};
/* End PBXVariantGroup section */

/* Begin XCBuildConfiguration section */
		A54D7F81282548730050DF30 /* Debug */ = {
			isa = XCBuildConfiguration;
			buildSettings = {
				ALWAYS_SEARCH_USER_PATHS = NO;
				CLANG_ANALYZER_NONNULL = YES;
				CLANG_ANALYZER_NUMBER_OBJECT_CONVERSION = YES_AGGRESSIVE;
				CLANG_CXX_LANGUAGE_STANDARD = "gnu++17";
				CLANG_ENABLE_MODULES = YES;
				CLANG_ENABLE_OBJC_ARC = YES;
				CLANG_ENABLE_OBJC_WEAK = YES;
				CLANG_WARN_BLOCK_CAPTURE_AUTORELEASING = YES;
				CLANG_WARN_BOOL_CONVERSION = YES;
				CLANG_WARN_COMMA = YES;
				CLANG_WARN_CONSTANT_CONVERSION = YES;
				CLANG_WARN_DEPRECATED_OBJC_IMPLEMENTATIONS = YES;
				CLANG_WARN_DIRECT_OBJC_ISA_USAGE = YES_ERROR;
				CLANG_WARN_DOCUMENTATION_COMMENTS = YES;
				CLANG_WARN_EMPTY_BODY = YES;
				CLANG_WARN_ENUM_CONVERSION = YES;
				CLANG_WARN_INFINITE_RECURSION = YES;
				CLANG_WARN_INT_CONVERSION = YES;
				CLANG_WARN_NON_LITERAL_NULL_CONVERSION = YES;
				CLANG_WARN_OBJC_IMPLICIT_RETAIN_SELF = YES;
				CLANG_WARN_OBJC_LITERAL_CONVERSION = YES;
				CLANG_WARN_OBJC_ROOT_CLASS = YES_ERROR;
				CLANG_WARN_QUOTED_INCLUDE_IN_FRAMEWORK_HEADER = YES;
				CLANG_WARN_RANGE_LOOP_ANALYSIS = YES;
				CLANG_WARN_STRICT_PROTOTYPES = YES;
				CLANG_WARN_SUSPICIOUS_MOVE = YES;
				CLANG_WARN_UNGUARDED_AVAILABILITY = YES_AGGRESSIVE;
				CLANG_WARN_UNREACHABLE_CODE = YES;
				CLANG_WARN__DUPLICATE_METHOD_MATCH = YES;
				COPY_PHASE_STRIP = NO;
				DEBUG_INFORMATION_FORMAT = dwarf;
				ENABLE_STRICT_OBJC_MSGSEND = YES;
				ENABLE_TESTABILITY = YES;
				GCC_C_LANGUAGE_STANDARD = gnu11;
				GCC_DYNAMIC_NO_PIC = NO;
				GCC_NO_COMMON_BLOCKS = YES;
				GCC_OPTIMIZATION_LEVEL = 0;
				GCC_PREPROCESSOR_DEFINITIONS = (
					"DEBUG=1",
					"$(inherited)",
				);
				GCC_WARN_64_TO_32_BIT_CONVERSION = YES;
				GCC_WARN_ABOUT_RETURN_TYPE = YES_ERROR;
				GCC_WARN_UNDECLARED_SELECTOR = YES;
				GCC_WARN_UNINITIALIZED_AUTOS = YES_AGGRESSIVE;
				GCC_WARN_UNUSED_FUNCTION = YES;
				GCC_WARN_UNUSED_VARIABLE = YES;
				IPHONEOS_DEPLOYMENT_TARGET = 15.4;
				MTL_ENABLE_DEBUG_INFO = INCLUDE_SOURCE;
				MTL_FAST_MATH = YES;
				ONLY_ACTIVE_ARCH = YES;
				SDKROOT = iphoneos;
				SWIFT_ACTIVE_COMPILATION_CONDITIONS = DEBUG;
				SWIFT_OPTIMIZATION_LEVEL = "-Onone";
			};
			name = Debug;
		};
		A54D7F82282548730050DF30 /* Release */ = {
			isa = XCBuildConfiguration;
			buildSettings = {
				ALWAYS_SEARCH_USER_PATHS = NO;
				CLANG_ANALYZER_NONNULL = YES;
				CLANG_ANALYZER_NUMBER_OBJECT_CONVERSION = YES_AGGRESSIVE;
				CLANG_CXX_LANGUAGE_STANDARD = "gnu++17";
				CLANG_ENABLE_MODULES = YES;
				CLANG_ENABLE_OBJC_ARC = YES;
				CLANG_ENABLE_OBJC_WEAK = YES;
				CLANG_WARN_BLOCK_CAPTURE_AUTORELEASING = YES;
				CLANG_WARN_BOOL_CONVERSION = YES;
				CLANG_WARN_COMMA = YES;
				CLANG_WARN_CONSTANT_CONVERSION = YES;
				CLANG_WARN_DEPRECATED_OBJC_IMPLEMENTATIONS = YES;
				CLANG_WARN_DIRECT_OBJC_ISA_USAGE = YES_ERROR;
				CLANG_WARN_DOCUMENTATION_COMMENTS = YES;
				CLANG_WARN_EMPTY_BODY = YES;
				CLANG_WARN_ENUM_CONVERSION = YES;
				CLANG_WARN_INFINITE_RECURSION = YES;
				CLANG_WARN_INT_CONVERSION = YES;
				CLANG_WARN_NON_LITERAL_NULL_CONVERSION = YES;
				CLANG_WARN_OBJC_IMPLICIT_RETAIN_SELF = YES;
				CLANG_WARN_OBJC_LITERAL_CONVERSION = YES;
				CLANG_WARN_OBJC_ROOT_CLASS = YES_ERROR;
				CLANG_WARN_QUOTED_INCLUDE_IN_FRAMEWORK_HEADER = YES;
				CLANG_WARN_RANGE_LOOP_ANALYSIS = YES;
				CLANG_WARN_STRICT_PROTOTYPES = YES;
				CLANG_WARN_SUSPICIOUS_MOVE = YES;
				CLANG_WARN_UNGUARDED_AVAILABILITY = YES_AGGRESSIVE;
				CLANG_WARN_UNREACHABLE_CODE = YES;
				CLANG_WARN__DUPLICATE_METHOD_MATCH = YES;
				COPY_PHASE_STRIP = NO;
				DEBUG_INFORMATION_FORMAT = "dwarf-with-dsym";
				ENABLE_NS_ASSERTIONS = NO;
				ENABLE_STRICT_OBJC_MSGSEND = YES;
				GCC_C_LANGUAGE_STANDARD = gnu11;
				GCC_NO_COMMON_BLOCKS = YES;
				GCC_WARN_64_TO_32_BIT_CONVERSION = YES;
				GCC_WARN_ABOUT_RETURN_TYPE = YES_ERROR;
				GCC_WARN_UNDECLARED_SELECTOR = YES;
				GCC_WARN_UNINITIALIZED_AUTOS = YES_AGGRESSIVE;
				GCC_WARN_UNUSED_FUNCTION = YES;
				GCC_WARN_UNUSED_VARIABLE = YES;
				IPHONEOS_DEPLOYMENT_TARGET = 15.4;
				MTL_ENABLE_DEBUG_INFO = NO;
				MTL_FAST_MATH = YES;
				SDKROOT = iphoneos;
				SWIFT_COMPILATION_MODE = wholemodule;
				SWIFT_OPTIMIZATION_LEVEL = "-O";
				VALIDATE_PRODUCT = YES;
			};
			name = Release;
		};
		A54D7F84282548730050DF30 /* Debug */ = {
			isa = XCBuildConfiguration;
			buildSettings = {
				ASSETCATALOG_COMPILER_APPICON_NAME = AppIcon;
				ASSETCATALOG_COMPILER_GLOBAL_ACCENT_COLOR_NAME = AccentColor;
				CODE_SIGN_STYLE = Automatic;
				CURRENT_PROJECT_VERSION = 1;
				DEVELOPMENT_TEAM = TZTSS56N88;
				GENERATE_INFOPLIST_FILE = YES;
				INFOPLIST_KEY_UIApplicationSupportsIndirectInputEvents = YES;
				INFOPLIST_KEY_UILaunchStoryboardName = LaunchScreen;
				INFOPLIST_KEY_UIStatusBarHidden = YES;
				INFOPLIST_KEY_UISupportedInterfaceOrientations = "UIInterfaceOrientationLandscapeLeft UIInterfaceOrientationLandscapeRight";
				INFOPLIST_KEY_UISupportedInterfaceOrientations_iPad = "UIInterfaceOrientationPortrait UIInterfaceOrientationPortraitUpsideDown UIInterfaceOrientationLandscapeLeft UIInterfaceOrientationLandscapeRight";
				INFOPLIST_KEY_UISupportedInterfaceOrientations_iPhone = "UIInterfaceOrientationPortrait UIInterfaceOrientationLandscapeLeft UIInterfaceOrientationLandscapeRight";
				LD_RUNPATH_SEARCH_PATHS = (
					"$(inherited)",
					"@executable_path/Frameworks",
				);
				MARKETING_VERSION = 1.0;
				PRODUCT_BUNDLE_IDENTIFIER = maszafar.io.Compy;
				PRODUCT_NAME = "$(TARGET_NAME)";
				SWIFT_EMIT_LOC_STRINGS = YES;
				SWIFT_VERSION = 5.0;
				TARGETED_DEVICE_FAMILY = "1,2";
			};
			name = Debug;
		};
		A54D7F85282548730050DF30 /* Release */ = {
			isa = XCBuildConfiguration;
			buildSettings = {
				ASSETCATALOG_COMPILER_APPICON_NAME = AppIcon;
				ASSETCATALOG_COMPILER_GLOBAL_ACCENT_COLOR_NAME = AccentColor;
				CODE_SIGN_STYLE = Automatic;
				CURRENT_PROJECT_VERSION = 1;
				DEVELOPMENT_TEAM = TZTSS56N88;
				GENERATE_INFOPLIST_FILE = YES;
				INFOPLIST_KEY_UIApplicationSupportsIndirectInputEvents = YES;
				INFOPLIST_KEY_UILaunchStoryboardName = LaunchScreen;
				INFOPLIST_KEY_UIStatusBarHidden = YES;
				INFOPLIST_KEY_UISupportedInterfaceOrientations = "UIInterfaceOrientationLandscapeLeft UIInterfaceOrientationLandscapeRight";
				INFOPLIST_KEY_UISupportedInterfaceOrientations_iPad = "UIInterfaceOrientationPortrait UIInterfaceOrientationPortraitUpsideDown UIInterfaceOrientationLandscapeLeft UIInterfaceOrientationLandscapeRight";
				INFOPLIST_KEY_UISupportedInterfaceOrientations_iPhone = "UIInterfaceOrientationPortrait UIInterfaceOrientationLandscapeLeft UIInterfaceOrientationLandscapeRight";
				LD_RUNPATH_SEARCH_PATHS = (
					"$(inherited)",
					"@executable_path/Frameworks",
				);
				MARKETING_VERSION = 1.0;
				PRODUCT_BUNDLE_IDENTIFIER = maszafar.io.Compy;
				PRODUCT_NAME = "$(TARGET_NAME)";
				SWIFT_EMIT_LOC_STRINGS = YES;
				SWIFT_VERSION = 5.0;
				TARGETED_DEVICE_FAMILY = "1,2";
			};
			name = Release;
		};
/* End XCBuildConfiguration section */

/* Begin XCConfigurationList section */
		A54D7F67282548710050DF30 /* Build configuration list for PBXProject "Compy" */ = {
			isa = XCConfigurationList;
			buildConfigurations = (
				A54D7F81282548730050DF30 /* Debug */,
				A54D7F82282548730050DF30 /* Release */,
			);
			defaultConfigurationIsVisible = 0;
			defaultConfigurationName = Release;
		};
		A54D7F83282548730050DF30 /* Build configuration list for PBXNativeTarget "Compy" */ = {
			isa = XCConfigurationList;
			buildConfigurations = (
				A54D7F84282548730050DF30 /* Debug */,
				A54D7F85282548730050DF30 /* Release */,
			);
			defaultConfigurationIsVisible = 0;
			defaultConfigurationName = Release;
		};
/* End XCConfigurationList section */
	};
	rootObject = A54D7F64282548710050DF30 /* Project object */;
}
